
Microsoft Visual Studio Solution File, Format Version 12.00
# Visual Studio 15
VisualStudioVersion = 15.0.26430.6
MinimumVisualStudioVersion = 10.0.40219.1
Project("{FAE04EC0-301F-11D3-BF4B-00C04F79EFBC}") = "cs-ipico-reader", "cs-ipico-reader\cs-ipico-reader.csproj", "{205E0890-17CC-4A59-BE1B-6A065083E3A2}"
EndProject
Project("{FAE04EC0-301F-11D3-BF4B-00C04F79EFBC}") = "cs-ipico-reader-unit-test", "cs-ipico-reader-unit-test\cs-ipico-reader-unit-test.csproj", "{5214E0C6-19DD-4E70-917B-361E897341A9}"
EndProject
Global
	GlobalSection(SolutionConfigurationPlatforms) = preSolution
		Debug|Any CPU = Debug|Any CPU
		Release|Any CPU = Release|Any CPU
	EndGlobalSection
	GlobalSection(ProjectConfigurationPlatforms) = postSolution
		{205E0890-17CC-4A59-BE1B-6A065083E3A2}.Debug|Any CPU.ActiveCfg = Debug|Any CPU
		{205E0890-17CC-4A59-BE1B-6A065083E3A2}.Debug|Any CPU.Build.0 = Debug|Any CPU
		{205E0890-17CC-4A59-BE1B-6A065083E3A2}.Release|Any CPU.ActiveCfg = Release|Any CPU
		{205E0890-17CC-4A59-BE1B-6A065083E3A2}.Release|Any CPU.Build.0 = Release|Any CPU
		{5214E0C6-19DD-4E70-917B-361E897341A9}.Debug|Any CPU.ActiveCfg = Debug|Any CPU
		{5214E0C6-19DD-4E70-917B-361E897341A9}.Debug|Any CPU.Build.0 = Debug|Any CPU
		{5214E0C6-19DD-4E70-917B-361E897341A9}.Release|Any CPU.ActiveCfg = Release|Any CPU
		{5214E0C6-19DD-4E70-917B-361E897341A9}.Release|Any CPU.Build.0 = Release|Any CPU
	EndGlobalSection
	GlobalSection(SolutionProperties) = preSolution
		HideSolutionNode = FALSE
	EndGlobalSection
EndGlobal
